// !$*UTF8*$!
{
	archiveVersion = 1;
	classes = {
	};
	objectVersion = 46;
	objects = {

/* Begin PBXBuildFile section */
		300B1C1017F68298004AB715 /* UIKit.framework in Frameworks */ = {isa = PBXBuildFile; fileRef = 300B1C0F17F68298004AB715 /* UIKit.framework */; };
		300B1C1217F68298004AB715 /* Foundation.framework in Frameworks */ = {isa = PBXBuildFile; fileRef = 300B1C1117F68298004AB715 /* Foundation.framework */; };
		300B1C1417F68298004AB715 /* CoreGraphics.framework in Frameworks */ = {isa = PBXBuildFile; fileRef = 300B1C1317F68298004AB715 /* CoreGraphics.framework */; };
		300B1C1A17F68298004AB715 /* InfoPlist.strings in Resources */ = {isa = PBXBuildFile; fileRef = 300B1C1817F68298004AB715 /* InfoPlist.strings */; };
		300B1C1C17F68298004AB715 /* main.m in Sources */ = {isa = PBXBuildFile; fileRef = 300B1C1B17F68298004AB715 /* main.m */; };
		300B1C2017F68298004AB715 /* SliderAppDelegate.m in Sources */ = {isa = PBXBuildFile; fileRef = 300B1C1F17F68298004AB715 /* SliderAppDelegate.m */; };
		300B1C2917F68298004AB715 /* MainStoryboard_iPhone.storyboard in Resources */ = {isa = PBXBuildFile; fileRef = 300B1C2717F68298004AB715 /* MainStoryboard_iPhone.storyboard */; };
		300B1C2C17F68298004AB715 /* MainStoryboard_iPad.storyboard in Resources */ = {isa = PBXBuildFile; fileRef = 300B1C2A17F68298004AB715 /* MainStoryboard_iPad.storyboard */; };
		300B1C2F17F68298004AB715 /* SliderViewController.m in Sources */ = {isa = PBXBuildFile; fileRef = 300B1C2E17F68298004AB715 /* SliderViewController.m */; };
		300B1C3717F68298004AB715 /* SenTestingKit.framework in Frameworks */ = {isa = PBXBuildFile; fileRef = 300B1C3617F68298004AB715 /* SenTestingKit.framework */; };
		300B1C3817F68298004AB715 /* UIKit.framework in Frameworks */ = {isa = PBXBuildFile; fileRef = 300B1C0F17F68298004AB715 /* UIKit.framework */; };
		300B1C3917F68298004AB715 /* Foundation.framework in Frameworks */ = {isa = PBXBuildFile; fileRef = 300B1C1117F68298004AB715 /* Foundation.framework */; };
		300B1C4117F68298004AB715 /* InfoPlist.strings in Resources */ = {isa = PBXBuildFile; fileRef = 300B1C3F17F68298004AB715 /* InfoPlist.strings */; };
		300B1C4417F68298004AB715 /* SliderTests.m in Sources */ = {isa = PBXBuildFile; fileRef = 300B1C4317F68298004AB715 /* SliderTests.m */; };
		300B1C5417F6B5ED004AB715 /* Default-568h@2x.png in Resources */ = {isa = PBXBuildFile; fileRef = 300B1C5317F6B5ED004AB715 /* Default-568h@2x.png */; };
		300B1C5717F7DE2D004AB715 /* Tile.m in Sources */ = {isa = PBXBuildFile; fileRef = 300B1C5617F7DE2D004AB715 /* Tile.m */; };
		300B1C5A17F7E53F004AB715 /* Board.m in Sources */ = {isa = PBXBuildFile; fileRef = 300B1C5917F7E53F004AB715 /* Board.m */; };
		300B5A0718431BBC004A1EE7 /* SliderHelpViewController.m in Sources */ = {isa = PBXBuildFile; fileRef = 300B5A0618431BBC004A1EE7 /* SliderHelpViewController.m */; };
		301F32E11862D74100AEF08C /* back.png in Resources */ = {isa = PBXBuildFile; fileRef = 301F32CF1862D74100AEF08C /* back.png */; };
		301F32E21862D74100AEF08C /* back1_s.png in Resources */ = {isa = PBXBuildFile; fileRef = 301F32D01862D74100AEF08C /* back1_s.png */; };
		301F32E31862D74100AEF08C /* back2_s.png in Resources */ = {isa = PBXBuildFile; fileRef = 301F32D11862D74100AEF08C /* back2_s.png */; };
		301F32E41862D74100AEF08C /* back3_s.png in Resources */ = {isa = PBXBuildFile; fileRef = 301F32D21862D74100AEF08C /* back3_s.png */; };
		301F32E51862D74100AEF08C /* back4_s.png in Resources */ = {isa = PBXBuildFile; fileRef = 301F32D31862D74100AEF08C /* back4_s.png */; };
		301F32E61862D74100AEF08C /* exit.png in Resources */ = {isa = PBXBuildFile; fileRef = 301F32D41862D74100AEF08C /* exit.png */; };
		301F32E71862D74100AEF08C /* forward.png in Resources */ = {isa = PBXBuildFile; fileRef = 301F32D51862D74100AEF08C /* forward.png */; };
		301F32E81862D74100AEF08C /* help.png in Resources */ = {isa = PBXBuildFile; fileRef = 301F32D61862D74100AEF08C /* help.png */; };
		301F32E91862D74100AEF08C /* reset.png in Resources */ = {isa = PBXBuildFile; fileRef = 301F32D71862D74100AEF08C /* reset.png */; };
		301F32EA1862D74100AEF08C /* sliderhelp1.png in Resources */ = {isa = PBXBuildFile; fileRef = 301F32D81862D74100AEF08C /* sliderhelp1.png */; };
		301F32EB1862D74100AEF08C /* sliderhelp2.png in Resources */ = {isa = PBXBuildFile; fileRef = 301F32D91862D74100AEF08C /* sliderhelp2.png */; };
		301F32EC1862D74100AEF08C /* sliderhelp3.png in Resources */ = {isa = PBXBuildFile; fileRef = 301F32DA1862D74100AEF08C /* sliderhelp3.png */; };
		301F32ED1862D74100AEF08C /* sliderhelp4.png in Resources */ = {isa = PBXBuildFile; fileRef = 301F32DB1862D74100AEF08C /* sliderhelp4.png */; };
		301F32F01862D74100AEF08C /* tile_1.png in Resources */ = {isa = PBXBuildFile; fileRef = 301F32DE1862D74100AEF08C /* tile_1.png */; };
		301F32F11862D74100AEF08C /* tile_2.png in Resources */ = {isa = PBXBuildFile; fileRef = 301F32DF1862D74100AEF08C /* tile_2.png */; };
		301F32F21862D74100AEF08C /* tile_3.png in Resources */ = {isa = PBXBuildFile; fileRef = 301F32E01862D74100AEF08C /* tile_3.png */; };
		3026F5CC186959010003452C /* sliderhelptextbackground.png in Resources */ = {isa = PBXBuildFile; fileRef = 3026F5CB186959010003452C /* sliderhelptextbackground.png */; };
		3026F5D2186AACD50003452C /* SliderPlusHelpViewController.m in Sources */ = {isa = PBXBuildFile; fileRef = 3026F5D1186AACD50003452C /* SliderPlusHelpViewController.m */; };
		3026F5D5186BCF000003452C /* sliderplushelp1.png in Resources */ = {isa = PBXBuildFile; fileRef = 3026F5D3186BCF000003452C /* sliderplushelp1.png */; };
		3026F5D6186BCF000003452C /* sliderplushelp2.png in Resources */ = {isa = PBXBuildFile; fileRef = 3026F5D4186BCF000003452C /* sliderplushelp2.png */; };
		302CEA03188CD95800D41ECB /* Icon-72@2x.png in Resources */ = {isa = PBXBuildFile; fileRef = 302CEA02188CD95800D41ECB /* Icon-72@2x.png */; };
		302CEA07188CD9D900D41ECB /* Icon-72.png in Resources */ = {isa = PBXBuildFile; fileRef = 302CEA04188CD9D900D41ECB /* Icon-72.png */; };
		302CEA08188CD9D900D41ECB /* Icon-76.png in Resources */ = {isa = PBXBuildFile; fileRef = 302CEA05188CD9D900D41ECB /* Icon-76.png */; };
		302CEA09188CD9D900D41ECB /* Icon-76@2x.png in Resources */ = {isa = PBXBuildFile; fileRef = 302CEA06188CD9D900D41ECB /* Icon-76@2x.png */; };
		302CEA0D188CDAAC00D41ECB /* Icon-57.png in Resources */ = {isa = PBXBuildFile; fileRef = 302CEA0A188CDAAC00D41ECB /* Icon-57.png */; };
		302CEA0E188CDAAC00D41ECB /* Icon-57@2x.png in Resources */ = {isa = PBXBuildFile; fileRef = 302CEA0B188CDAAC00D41ECB /* Icon-57@2x.png */; };
		302CEA0F188CDAAC00D41ECB /* Icon-60@2x.png in Resources */ = {isa = PBXBuildFile; fileRef = 302CEA0C188CDAAC00D41ECB /* Icon-60@2x.png */; };
		302CEA14188CDBF900D41ECB /* Icon-40.png in Resources */ = {isa = PBXBuildFile; fileRef = 302CEA10188CDBF900D41ECB /* Icon-40.png */; };
		302CEA15188CDBF900D41ECB /* Icon-40@2x.png in Resources */ = {isa = PBXBuildFile; fileRef = 302CEA11188CDBF900D41ECB /* Icon-40@2x.png */; };
		302CEA16188CDBF900D41ECB /* Icon-50.png in Resources */ = {isa = PBXBuildFile; fileRef = 302CEA12188CDBF900D41ECB /* Icon-50.png */; };
		302CEA17188CDBF900D41ECB /* Icon-50@2x.png in Resources */ = {isa = PBXBuildFile; fileRef = 302CEA13188CDBF900D41ECB /* Icon-50@2x.png */; };
		302CEA1A188CDC8100D41ECB /* Icon-29.png in Resources */ = {isa = PBXBuildFile; fileRef = 302CEA18188CDC8100D41ECB /* Icon-29.png */; };
		302CEA1B188CDC8100D41ECB /* Icon-29@2x.png in Resources */ = {isa = PBXBuildFile; fileRef = 302CEA19188CDC8100D41ECB /* Icon-29@2x.png */; };
		302CEA24188CDED700D41ECB /* Default-1024.png in Resources */ = {isa = PBXBuildFile; fileRef = 302CEA21188CDED700D41ECB /* Default-1024.png */; };
		302CEA25188CDED700D41ECB /* Default-1024@2x.png in Resources */ = {isa = PBXBuildFile; fileRef = 302CEA22188CDED700D41ECB /* Default-1024@2x.png */; };
		302CEA2F188CE14D00D41ECB /* Default-Portrait@2x.png in Resources */ = {isa = PBXBuildFile; fileRef = 302CEA2E188CE14D00D41ECB /* Default-Portrait@2x.png */; };
		302CEA31188CE1A700D41ECB /* Default-Portrait.png in Resources */ = {isa = PBXBuildFile; fileRef = 302CEA30188CE1A700D41ECB /* Default-Portrait.png */; };
		30414E03188CD170006C18A7 /* Default@2x.png in Resources */ = {isa = PBXBuildFile; fileRef = 30414E02188CD170006C18A7 /* Default@2x.png */; };
		30414E05188CD1FB006C18A7 /* Default.png in Resources */ = {isa = PBXBuildFile; fileRef = 30414E04188CD1FB006C18A7 /* Default.png */; };
		30867B6B188CF07D009887B5 /* menu_1.png in Resources */ = {isa = PBXBuildFile; fileRef = 30867B67188CF07C009887B5 /* menu_1.png */; };
		30867B6C188CF07D009887B5 /* menu_2.png in Resources */ = {isa = PBXBuildFile; fileRef = 30867B68188CF07C009887B5 /* menu_2.png */; };
		30867B6D188CF07D009887B5 /* menu_3.png in Resources */ = {isa = PBXBuildFile; fileRef = 30867B69188CF07C009887B5 /* menu_3.png */; };
		30867B6E188CF07D009887B5 /* menu_4.png in Resources */ = {isa = PBXBuildFile; fileRef = 30867B6A188CF07C009887B5 /* menu_4.png */; };
		30867B76188CFBAF009887B5 /* Default-Landscape@2x.png in Resources */ = {isa = PBXBuildFile; fileRef = 30867B75188CFBAF009887B5 /* Default-Landscape@2x.png */; };
		30867B78188CFC2B009887B5 /* Default-Landscape.png in Resources */ = {isa = PBXBuildFile; fileRef = 30867B77188CFC2B009887B5 /* Default-Landscape.png */; };
		30867B7A188D12C9009887B5 /* locked.png in Resources */ = {isa = PBXBuildFile; fileRef = 30867B79188D12C9009887B5 /* locked.png */; };
		30A547241884BAEF0073DD23 /* SliderFinalHelpViewController.m in Sources */ = {isa = PBXBuildFile; fileRef = 30A547231884BAEF0073DD23 /* SliderFinalHelpViewController.m */; };
		30B330631825E5B000E727B6 /* MenuViewController.m in Sources */ = {isa = PBXBuildFile; fileRef = 30B330621825E5B000E727B6 /* MenuViewController.m */; };
		30CA1CDE18866FDD00DB5350 /* sliderfinalhelp1.png in Resources */ = {isa = PBXBuildFile; fileRef = 30CA1CDC18866FDD00DB5350 /* sliderfinalhelp1.png */; };
		30CA1CDF18866FDD00DB5350 /* sliderfinalhelp2.png in Resources */ = {isa = PBXBuildFile; fileRef = 30CA1CDD18866FDD00DB5350 /* sliderfinalhelp2.png */; };
		30E3BF08187535F000282592 /* sliderplushelp3.png in Resources */ = {isa = PBXBuildFile; fileRef = 30E3BF06187535F000282592 /* sliderplushelp3.png */; };
		30E3BF09187535F000282592 /* sliderplushelp4.png in Resources */ = {isa = PBXBuildFile; fileRef = 30E3BF07187535F000282592 /* sliderplushelp4.png */; };
		30E3BF0B18754DC600282592 /* slidernexthelp1.png in Resources */ = {isa = PBXBuildFile; fileRef = 30E3BF0A18754DC600282592 /* slidernexthelp1.png */; };
		30E3BF0E18768E8700282592 /* SliderFinalViewController.m in Sources */ = {isa = PBXBuildFile; fileRef = 30E3BF0D18768E8700282592 /* SliderFinalViewController.m */; };
		30E9E7A518387F2C009E9B74 /* SliderPlusViewController.m in Sources */ = {isa = PBXBuildFile; fileRef = 30E9E7A418387F2C009E9B74 /* SliderPlusViewController.m */; };
		30F58010186FE6E200C036A7 /* highscorebackground.png in Resources */ = {isa = PBXBuildFile; fileRef = 30F5800F186FE6E200C036A7 /* highscorebackground.png */; };
		30F580131870040900C036A7 /* SliderNextViewController.m in Sources */ = {isa = PBXBuildFile; fileRef = 30F580121870040900C036A7 /* SliderNextViewController.m */; };
		30F580161870048300C036A7 /* SliderNextHelpViewController.m in Sources */ = {isa = PBXBuildFile; fileRef = 30F580151870048300C036A7 /* SliderNextHelpViewController.m */; };
/* End PBXBuildFile section */

/* Begin PBXContainerItemProxy section */
		300B1C3A17F68298004AB715 /* PBXContainerItemProxy */ = {
			isa = PBXContainerItemProxy;
			containerPortal = 300B1C0417F68297004AB715 /* Project object */;
			proxyType = 1;
			remoteGlobalIDString = 300B1C0B17F68297004AB715;
			remoteInfo = Slider;
		};
/* End PBXContainerItemProxy section */

/* Begin PBXFileReference section */
		300B1C0C17F68298004AB715 /* Slider.app */ = {isa = PBXFileReference; explicitFileType = wrapper.application; includeInIndex = 0; path = Slider.app; sourceTree = BUILT_PRODUCTS_DIR; };
		300B1C0F17F68298004AB715 /* UIKit.framework */ = {isa = PBXFileReference; lastKnownFileType = wrapper.framework; name = UIKit.framework; path = System/Library/Frameworks/UIKit.framework; sourceTree = SDKROOT; };
		300B1C1117F68298004AB715 /* Foundation.framework */ = {isa = PBXFileReference; lastKnownFileType = wrapper.framework; name = Foundation.framework; path = System/Library/Frameworks/Foundation.framework; sourceTree = SDKROOT; };
		300B1C1317F68298004AB715 /* CoreGraphics.framework */ = {isa = PBXFileReference; lastKnownFileType = wrapper.framework; name = CoreGraphics.framework; path = System/Library/Frameworks/CoreGraphics.framework; sourceTree = SDKROOT; };
		300B1C1717F68298004AB715 /* Slider-Info.plist */ = {isa = PBXFileReference; lastKnownFileType = text.plist.xml; path = "Slider-Info.plist"; sourceTree = "<group>"; };
		300B1C1917F68298004AB715 /* en */ = {isa = PBXFileReference; lastKnownFileType = text.plist.strings; name = en; path = en.lproj/InfoPlist.strings; sourceTree = "<group>"; };
		300B1C1B17F68298004AB715 /* main.m */ = {isa = PBXFileReference; lastKnownFileType = sourcecode.c.objc; path = main.m; sourceTree = "<group>"; };
		300B1C1D17F68298004AB715 /* Slider-Prefix.pch */ = {isa = PBXFileReference; lastKnownFileType = sourcecode.c.h; path = "Slider-Prefix.pch"; sourceTree = "<group>"; };
		300B1C1E17F68298004AB715 /* SliderAppDelegate.h */ = {isa = PBXFileReference; lastKnownFileType = sourcecode.c.h; path = SliderAppDelegate.h; sourceTree = "<group>"; };
		300B1C1F17F68298004AB715 /* SliderAppDelegate.m */ = {isa = PBXFileReference; lastKnownFileType = sourcecode.c.objc; path = SliderAppDelegate.m; sourceTree = "<group>"; };
		300B1C2817F68298004AB715 /* en */ = {isa = PBXFileReference; lastKnownFileType = file.storyboard; name = en; path = en.lproj/MainStoryboard_iPhone.storyboard; sourceTree = "<group>"; };
		300B1C2B17F68298004AB715 /* en */ = {isa = PBXFileReference; lastKnownFileType = file.storyboard; name = en; path = en.lproj/MainStoryboard_iPad.storyboard; sourceTree = "<group>"; };
		300B1C2D17F68298004AB715 /* SliderViewController.h */ = {isa = PBXFileReference; lastKnownFileType = sourcecode.c.h; path = SliderViewController.h; sourceTree = "<group>"; };
		300B1C2E17F68298004AB715 /* SliderViewController.m */ = {isa = PBXFileReference; lastKnownFileType = sourcecode.c.objc; path = SliderViewController.m; sourceTree = "<group>"; };
		300B1C3517F68298004AB715 /* SliderTests.octest */ = {isa = PBXFileReference; explicitFileType = wrapper.cfbundle; includeInIndex = 0; path = SliderTests.octest; sourceTree = BUILT_PRODUCTS_DIR; };
		300B1C3617F68298004AB715 /* SenTestingKit.framework */ = {isa = PBXFileReference; lastKnownFileType = wrapper.framework; name = SenTestingKit.framework; path = Library/Frameworks/SenTestingKit.framework; sourceTree = DEVELOPER_DIR; };
		300B1C3E17F68298004AB715 /* SliderTests-Info.plist */ = {isa = PBXFileReference; lastKnownFileType = text.plist.xml; path = "SliderTests-Info.plist"; sourceTree = "<group>"; };
		300B1C4017F68298004AB715 /* en */ = {isa = PBXFileReference; lastKnownFileType = text.plist.strings; name = en; path = en.lproj/InfoPlist.strings; sourceTree = "<group>"; };
		300B1C4217F68298004AB715 /* SliderTests.h */ = {isa = PBXFileReference; lastKnownFileType = sourcecode.c.h; path = SliderTests.h; sourceTree = "<group>"; };
		300B1C4317F68298004AB715 /* SliderTests.m */ = {isa = PBXFileReference; lastKnownFileType = sourcecode.c.objc; path = SliderTests.m; sourceTree = "<group>"; };
		300B1C5317F6B5ED004AB715 /* Default-568h@2x.png */ = {isa = PBXFileReference; lastKnownFileType = image.png; path = "Default-568h@2x.png"; sourceTree = "<group>"; };
		300B1C5517F7DE2D004AB715 /* Tile.h */ = {isa = PBXFileReference; fileEncoding = 4; lastKnownFileType = sourcecode.c.h; path = Tile.h; sourceTree = "<group>"; };
		300B1C5617F7DE2D004AB715 /* Tile.m */ = {isa = PBXFileReference; fileEncoding = 4; lastKnownFileType = sourcecode.c.objc; path = Tile.m; sourceTree = "<group>"; };
		300B1C5817F7E53F004AB715 /* Board.h */ = {isa = PBXFileReference; fileEncoding = 4; lastKnownFileType = sourcecode.c.h; path = Board.h; sourceTree = "<group>"; };
		300B1C5917F7E53F004AB715 /* Board.m */ = {isa = PBXFileReference; fileEncoding = 4; lastKnownFileType = sourcecode.c.objc; path = Board.m; sourceTree = "<group>"; };
		300B5A0518431BBC004A1EE7 /* SliderHelpViewController.h */ = {isa = PBXFileReference; fileEncoding = 4; lastKnownFileType = sourcecode.c.h; path = SliderHelpViewController.h; sourceTree = "<group>"; };
		300B5A0618431BBC004A1EE7 /* SliderHelpViewController.m */ = {isa = PBXFileReference; fileEncoding = 4; lastKnownFileType = sourcecode.c.objc; path = SliderHelpViewController.m; sourceTree = "<group>"; };
		301F32CF1862D74100AEF08C /* back.png */ = {isa = PBXFileReference; lastKnownFileType = image.png; path = back.png; sourceTree = "<group>"; };
		301F32D01862D74100AEF08C /* back1_s.png */ = {isa = PBXFileReference; lastKnownFileType = image.png; path = back1_s.png; sourceTree = "<group>"; };
		301F32D11862D74100AEF08C /* back2_s.png */ = {isa = PBXFileReference; lastKnownFileType = image.png; path = back2_s.png; sourceTree = "<group>"; };
		301F32D21862D74100AEF08C /* back3_s.png */ = {isa = PBXFileReference; lastKnownFileType = image.png; path = back3_s.png; sourceTree = "<group>"; };
		301F32D31862D74100AEF08C /* back4_s.png */ = {isa = PBXFileReference; lastKnownFileType = image.png; name = back4_s.png; path = Images/back4_s.png; sourceTree = SOURCE_ROOT; };
		301F32D41862D74100AEF08C /* exit.png */ = {isa = PBXFileReference; lastKnownFileType = image.png; path = exit.png; sourceTree = "<group>"; };
		301F32D51862D74100AEF08C /* forward.png */ = {isa = PBXFileReference; lastKnownFileType = image.png; path = forward.png; sourceTree = "<group>"; };
		301F32D61862D74100AEF08C /* help.png */ = {isa = PBXFileReference; lastKnownFileType = image.png; path = help.png; sourceTree = "<group>"; };
		301F32D71862D74100AEF08C /* reset.png */ = {isa = PBXFileReference; lastKnownFileType = image.png; path = reset.png; sourceTree = "<group>"; };
		301F32D81862D74100AEF08C /* sliderhelp1.png */ = {isa = PBXFileReference; lastKnownFileType = image.png; path = sliderhelp1.png; sourceTree = "<group>"; };
		301F32D91862D74100AEF08C /* sliderhelp2.png */ = {isa = PBXFileReference; lastKnownFileType = image.png; path = sliderhelp2.png; sourceTree = "<group>"; };
		301F32DA1862D74100AEF08C /* sliderhelp3.png */ = {isa = PBXFileReference; lastKnownFileType = image.png; path = sliderhelp3.png; sourceTree = "<group>"; };
		301F32DB1862D74100AEF08C /* sliderhelp4.png */ = {isa = PBXFileReference; lastKnownFileType = image.png; path = sliderhelp4.png; sourceTree = "<group>"; };
		301F32DE1862D74100AEF08C /* tile_1.png */ = {isa = PBXFileReference; lastKnownFileType = image.png; path = tile_1.png; sourceTree = "<group>"; };
		301F32DF1862D74100AEF08C /* tile_2.png */ = {isa = PBXFileReference; lastKnownFileType = image.png; path = tile_2.png; sourceTree = "<group>"; };
		301F32E01862D74100AEF08C /* tile_3.png */ = {isa = PBXFileReference; lastKnownFileType = image.png; path = tile_3.png; sourceTree = "<group>"; };
		3026F5CB186959010003452C /* sliderhelptextbackground.png */ = {isa = PBXFileReference; lastKnownFileType = image.png; name = sliderhelptextbackground.png; path = Images/sliderhelptextbackground.png; sourceTree = SOURCE_ROOT; };
		3026F5D0186AACD50003452C /* SliderPlusHelpViewController.h */ = {isa = PBXFileReference; fileEncoding = 4; lastKnownFileType = sourcecode.c.h; path = SliderPlusHelpViewController.h; sourceTree = "<group>"; };
		3026F5D1186AACD50003452C /* SliderPlusHelpViewController.m */ = {isa = PBXFileReference; fileEncoding = 4; lastKnownFileType = sourcecode.c.objc; path = SliderPlusHelpViewController.m; sourceTree = "<group>"; };
		3026F5D3186BCF000003452C /* sliderplushelp1.png */ = {isa = PBXFileReference; lastKnownFileType = image.png; name = sliderplushelp1.png; path = Images/sliderplushelp1.png; sourceTree = SOURCE_ROOT; };
		3026F5D4186BCF000003452C /* sliderplushelp2.png */ = {isa = PBXFileReference; lastKnownFileType = image.png; name = sliderplushelp2.png; path = Images/sliderplushelp2.png; sourceTree = SOURCE_ROOT; };
		302CEA02188CD95800D41ECB /* Icon-72@2x.png */ = {isa = PBXFileReference; lastKnownFileType = image.png; path = "Icon-72@2x.png"; sourceTree = "<group>"; };
		302CEA04188CD9D900D41ECB /* Icon-72.png */ = {isa = PBXFileReference; lastKnownFileType = image.png; path = "Icon-72.png"; sourceTree = "<group>"; };
		302CEA05188CD9D900D41ECB /* Icon-76.png */ = {isa = PBXFileReference; lastKnownFileType = image.png; path = "Icon-76.png"; sourceTree = "<group>"; };
		302CEA06188CD9D900D41ECB /* Icon-76@2x.png */ = {isa = PBXFileReference; lastKnownFileType = image.png; path = "Icon-76@2x.png"; sourceTree = "<group>"; };
		302CEA0A188CDAAC00D41ECB /* Icon-57.png */ = {isa = PBXFileReference; lastKnownFileType = image.png; path = "Icon-57.png"; sourceTree = "<group>"; };
		302CEA0B188CDAAC00D41ECB /* Icon-57@2x.png */ = {isa = PBXFileReference; lastKnownFileType = image.png; path = "Icon-57@2x.png"; sourceTree = "<group>"; };
		302CEA0C188CDAAC00D41ECB /* Icon-60@2x.png */ = {isa = PBXFileReference; lastKnownFileType = image.png; path = "Icon-60@2x.png"; sourceTree = "<group>"; };
		302CEA10188CDBF900D41ECB /* Icon-40.png */ = {isa = PBXFileReference; lastKnownFileType = image.png; path = "Icon-40.png"; sourceTree = "<group>"; };
		302CEA11188CDBF900D41ECB /* Icon-40@2x.png */ = {isa = PBXFileReference; lastKnownFileType = image.png; path = "Icon-40@2x.png"; sourceTree = "<group>"; };
		302CEA12188CDBF900D41ECB /* Icon-50.png */ = {isa = PBXFileReference; lastKnownFileType = image.png; path = "Icon-50.png"; sourceTree = "<group>"; };
		302CEA13188CDBF900D41ECB /* Icon-50@2x.png */ = {isa = PBXFileReference; lastKnownFileType = image.png; path = "Icon-50@2x.png"; sourceTree = "<group>"; };
		302CEA18188CDC8100D41ECB /* Icon-29.png */ = {isa = PBXFileReference; lastKnownFileType = image.png; path = "Icon-29.png"; sourceTree = "<group>"; };
		302CEA19188CDC8100D41ECB /* Icon-29@2x.png */ = {isa = PBXFileReference; lastKnownFileType = image.png; path = "Icon-29@2x.png"; sourceTree = "<group>"; };
		302CEA21188CDED700D41ECB /* Default-1024.png */ = {isa = PBXFileReference; lastKnownFileType = image.png; path = "Default-1024.png"; sourceTree = "<group>"; };
		302CEA22188CDED700D41ECB /* Default-1024@2x.png */ = {isa = PBXFileReference; lastKnownFileType = image.png; path = "Default-1024@2x.png"; sourceTree = "<group>"; };
		302CEA2E188CE14D00D41ECB /* Default-Portrait@2x.png */ = {isa = PBXFileReference; lastKnownFileType = image.png; path = "Default-Portrait@2x.png"; sourceTree = "<group>"; };
		302CEA30188CE1A700D41ECB /* Default-Portrait.png */ = {isa = PBXFileReference; lastKnownFileType = image.png; path = "Default-Portrait.png"; sourceTree = "<group>"; };
		30414E02188CD170006C18A7 /* Default@2x.png */ = {isa = PBXFileReference; lastKnownFileType = image.png; path = "Default@2x.png"; sourceTree = "<group>"; };
		30414E04188CD1FB006C18A7 /* Default.png */ = {isa = PBXFileReference; lastKnownFileType = image.png; path = Default.png; sourceTree = "<group>"; };
		30867B67188CF07C009887B5 /* menu_1.png */ = {isa = PBXFileReference; lastKnownFileType = image.png; path = menu_1.png; sourceTree = "<group>"; };
		30867B68188CF07C009887B5 /* menu_2.png */ = {isa = PBXFileReference; lastKnownFileType = image.png; path = menu_2.png; sourceTree = "<group>"; };
		30867B69188CF07C009887B5 /* menu_3.png */ = {isa = PBXFileReference; lastKnownFileType = image.png; path = menu_3.png; sourceTree = "<group>"; };
		30867B6A188CF07C009887B5 /* menu_4.png */ = {isa = PBXFileReference; lastKnownFileType = image.png; path = menu_4.png; sourceTree = "<group>"; };
		30867B75188CFBAF009887B5 /* Default-Landscape@2x.png */ = {isa = PBXFileReference; lastKnownFileType = image.png; path = "Default-Landscape@2x.png"; sourceTree = "<group>"; };
		30867B77188CFC2B009887B5 /* Default-Landscape.png */ = {isa = PBXFileReference; lastKnownFileType = image.png; path = "Default-Landscape.png"; sourceTree = "<group>"; };
		30867B79188D12C9009887B5 /* locked.png */ = {isa = PBXFileReference; lastKnownFileType = image.png; path = locked.png; sourceTree = "<group>"; };
		30A547221884BAEF0073DD23 /* SliderFinalHelpViewController.h */ = {isa = PBXFileReference; fileEncoding = 4; lastKnownFileType = sourcecode.c.h; path = SliderFinalHelpViewController.h; sourceTree = "<group>"; };
		30A547231884BAEF0073DD23 /* SliderFinalHelpViewController.m */ = {isa = PBXFileReference; fileEncoding = 4; lastKnownFileType = sourcecode.c.objc; path = SliderFinalHelpViewController.m; sourceTree = "<group>"; };
		30B330611825E5B000E727B6 /* MenuViewController.h */ = {isa = PBXFileReference; fileEncoding = 4; lastKnownFileType = sourcecode.c.h; path = MenuViewController.h; sourceTree = "<group>"; };
		30B330621825E5B000E727B6 /* MenuViewController.m */ = {isa = PBXFileReference; fileEncoding = 4; lastKnownFileType = sourcecode.c.objc; path = MenuViewController.m; sourceTree = "<group>"; };
		30CA1CDC18866FDD00DB5350 /* sliderfinalhelp1.png */ = {isa = PBXFileReference; lastKnownFileType = image.png; path = sliderfinalhelp1.png; sourceTree = "<group>"; };
		30CA1CDD18866FDD00DB5350 /* sliderfinalhelp2.png */ = {isa = PBXFileReference; lastKnownFileType = image.png; path = sliderfinalhelp2.png; sourceTree = "<group>"; };
		30E3BF06187535F000282592 /* sliderplushelp3.png */ = {isa = PBXFileReference; lastKnownFileType = image.png; path = sliderplushelp3.png; sourceTree = "<group>"; };
		30E3BF07187535F000282592 /* sliderplushelp4.png */ = {isa = PBXFileReference; lastKnownFileType = image.png; path = sliderplushelp4.png; sourceTree = "<group>"; };
		30E3BF0A18754DC600282592 /* slidernexthelp1.png */ = {isa = PBXFileReference; lastKnownFileType = image.png; path = slidernexthelp1.png; sourceTree = "<group>"; };
		30E3BF0C18768E8700282592 /* SliderFinalViewController.h */ = {isa = PBXFileReference; fileEncoding = 4; lastKnownFileType = sourcecode.c.h; path = SliderFinalViewController.h; sourceTree = "<group>"; };
		30E3BF0D18768E8700282592 /* SliderFinalViewController.m */ = {isa = PBXFileReference; fileEncoding = 4; lastKnownFileType = sourcecode.c.objc; path = SliderFinalViewController.m; sourceTree = "<group>"; };
		30E9E7A318387F2C009E9B74 /* SliderPlusViewController.h */ = {isa = PBXFileReference; fileEncoding = 4; lastKnownFileType = sourcecode.c.h; path = SliderPlusViewController.h; sourceTree = "<group>"; };
		30E9E7A418387F2C009E9B74 /* SliderPlusViewController.m */ = {isa = PBXFileReference; fileEncoding = 4; lastKnownFileType = sourcecode.c.objc; path = SliderPlusViewController.m; sourceTree = "<group>"; };
		30F5800F186FE6E200C036A7 /* highscorebackground.png */ = {isa = PBXFileReference; lastKnownFileType = image.png; name = highscorebackground.png; path = Images/highscorebackground.png; sourceTree = SOURCE_ROOT; };
		30F580111870040900C036A7 /* SliderNextViewController.h */ = {isa = PBXFileReference; fileEncoding = 4; lastKnownFileType = sourcecode.c.h; path = SliderNextViewController.h; sourceTree = "<group>"; };
		30F580121870040900C036A7 /* SliderNextViewController.m */ = {isa = PBXFileReference; fileEncoding = 4; lastKnownFileType = sourcecode.c.objc; path = SliderNextViewController.m; sourceTree = "<group>"; };
		30F580141870048300C036A7 /* SliderNextHelpViewController.h */ = {isa = PBXFileReference; fileEncoding = 4; lastKnownFileType = sourcecode.c.h; path = SliderNextHelpViewController.h; sourceTree = "<group>"; };
		30F580151870048300C036A7 /* SliderNextHelpViewController.m */ = {isa = PBXFileReference; fileEncoding = 4; lastKnownFileType = sourcecode.c.objc; path = SliderNextHelpViewController.m; sourceTree = "<group>"; };
/* End PBXFileReference section */

/* Begin PBXFrameworksBuildPhase section */
		300B1C0917F68297004AB715 /* Frameworks */ = {
			isa = PBXFrameworksBuildPhase;
			buildActionMask = 2147483647;
			files = (
				300B1C1017F68298004AB715 /* UIKit.framework in Frameworks */,
				300B1C1217F68298004AB715 /* Foundation.framework in Frameworks */,
				300B1C1417F68298004AB715 /* CoreGraphics.framework in Frameworks */,
			);
			runOnlyForDeploymentPostprocessing = 0;
		};
		300B1C3117F68298004AB715 /* Frameworks */ = {
			isa = PBXFrameworksBuildPhase;
			buildActionMask = 2147483647;
			files = (
				300B1C3717F68298004AB715 /* SenTestingKit.framework in Frameworks */,
				300B1C3817F68298004AB715 /* UIKit.framework in Frameworks */,
				300B1C3917F68298004AB715 /* Foundation.framework in Frameworks */,
			);
			runOnlyForDeploymentPostprocessing = 0;
		};
/* End PBXFrameworksBuildPhase section */

/* Begin PBXGroup section */
		300B1C0317F68297004AB715 = {
			isa = PBXGroup;
			children = (
				30867B66188CED3D009887B5 /* Launch Screens */,
				30867B65188CED27009887B5 /* Icons */,
				300B1C1517F68298004AB715 /* Slider */,
				300B1C3C17F68298004AB715 /* SliderTests */,
				300B1C0E17F68298004AB715 /* Frameworks */,
				300B1C0D17F68298004AB715 /* Products */,
			);
			sourceTree = "<group>";
		};
		300B1C0D17F68298004AB715 /* Products */ = {
			isa = PBXGroup;
			children = (
				300B1C0C17F68298004AB715 /* Slider.app */,
				300B1C3517F68298004AB715 /* SliderTests.octest */,
			);
			name = Products;
			sourceTree = "<group>";
		};
		300B1C0E17F68298004AB715 /* Frameworks */ = {
			isa = PBXGroup;
			children = (
				300B1C0F17F68298004AB715 /* UIKit.framework */,
				300B1C1117F68298004AB715 /* Foundation.framework */,
				300B1C1317F68298004AB715 /* CoreGraphics.framework */,
				300B1C3617F68298004AB715 /* SenTestingKit.framework */,
			);
			name = Frameworks;
			sourceTree = "<group>";
		};
		300B1C1517F68298004AB715 /* Slider */ = {
			isa = PBXGroup;
			children = (
				301F32CE1862D74100AEF08C /* Images */,
				300B1C1E17F68298004AB715 /* SliderAppDelegate.h */,
				300B1C1F17F68298004AB715 /* SliderAppDelegate.m */,
				300B1C5517F7DE2D004AB715 /* Tile.h */,
				300B1C5617F7DE2D004AB715 /* Tile.m */,
				300B1C5817F7E53F004AB715 /* Board.h */,
				300B1C5917F7E53F004AB715 /* Board.m */,
				300B1C2717F68298004AB715 /* MainStoryboard_iPhone.storyboard */,
				300B1C2A17F68298004AB715 /* MainStoryboard_iPad.storyboard */,
				30B330611825E5B000E727B6 /* MenuViewController.h */,
				30B330621825E5B000E727B6 /* MenuViewController.m */,
				300B1C2D17F68298004AB715 /* SliderViewController.h */,
				300B1C2E17F68298004AB715 /* SliderViewController.m */,
				30E9E7A318387F2C009E9B74 /* SliderPlusViewController.h */,
				30E9E7A418387F2C009E9B74 /* SliderPlusViewController.m */,
				30F580111870040900C036A7 /* SliderNextViewController.h */,
				30F580121870040900C036A7 /* SliderNextViewController.m */,
				30E3BF0C18768E8700282592 /* SliderFinalViewController.h */,
				30E3BF0D18768E8700282592 /* SliderFinalViewController.m */,
				300B5A0518431BBC004A1EE7 /* SliderHelpViewController.h */,
				300B5A0618431BBC004A1EE7 /* SliderHelpViewController.m */,
				3026F5D0186AACD50003452C /* SliderPlusHelpViewController.h */,
				3026F5D1186AACD50003452C /* SliderPlusHelpViewController.m */,
				30F580141870048300C036A7 /* SliderNextHelpViewController.h */,
				30F580151870048300C036A7 /* SliderNextHelpViewController.m */,
				30A547221884BAEF0073DD23 /* SliderFinalHelpViewController.h */,
				30A547231884BAEF0073DD23 /* SliderFinalHelpViewController.m */,
				300B1C1617F68298004AB715 /* Supporting Files */,
			);
			path = Slider;
			sourceTree = "<group>";
		};
		300B1C1617F68298004AB715 /* Supporting Files */ = {
			isa = PBXGroup;
			children = (
				300B1C1717F68298004AB715 /* Slider-Info.plist */,
				300B1C1817F68298004AB715 /* InfoPlist.strings */,
				300B1C1B17F68298004AB715 /* main.m */,
				300B1C1D17F68298004AB715 /* Slider-Prefix.pch */,
			);
			name = "Supporting Files";
			sourceTree = "<group>";
		};
		300B1C3C17F68298004AB715 /* SliderTests */ = {
			isa = PBXGroup;
			children = (
				300B1C4217F68298004AB715 /* SliderTests.h */,
				300B1C4317F68298004AB715 /* SliderTests.m */,
				300B1C3D17F68298004AB715 /* Supporting Files */,
			);
			path = SliderTests;
			sourceTree = "<group>";
		};
		300B1C3D17F68298004AB715 /* Supporting Files */ = {
			isa = PBXGroup;
			children = (
				300B1C3E17F68298004AB715 /* SliderTests-Info.plist */,
				300B1C3F17F68298004AB715 /* InfoPlist.strings */,
			);
			name = "Supporting Files";
			sourceTree = "<group>";
		};
		301F32CE1862D74100AEF08C /* Images */ = {
			isa = PBXGroup;
			children = (
				30867B79188D12C9009887B5 /* locked.png */,
				30867B67188CF07C009887B5 /* menu_1.png */,
				30867B68188CF07C009887B5 /* menu_2.png */,
				30867B69188CF07C009887B5 /* menu_3.png */,
				30867B6A188CF07C009887B5 /* menu_4.png */,
				30CA1CDC18866FDD00DB5350 /* sliderfinalhelp1.png */,
				30CA1CDD18866FDD00DB5350 /* sliderfinalhelp2.png */,
				301F32CF1862D74100AEF08C /* back.png */,
				301F32D01862D74100AEF08C /* back1_s.png */,
				301F32D11862D74100AEF08C /* back2_s.png */,
				301F32D21862D74100AEF08C /* back3_s.png */,
				301F32D31862D74100AEF08C /* back4_s.png */,
				301F32D41862D74100AEF08C /* exit.png */,
				301F32D51862D74100AEF08C /* forward.png */,
				301F32D61862D74100AEF08C /* help.png */,
				301F32D71862D74100AEF08C /* reset.png */,
				301F32D81862D74100AEF08C /* sliderhelp1.png */,
				301F32D91862D74100AEF08C /* sliderhelp2.png */,
				301F32DA1862D74100AEF08C /* sliderhelp3.png */,
				301F32DB1862D74100AEF08C /* sliderhelp4.png */,
				301F32DE1862D74100AEF08C /* tile_1.png */,
				301F32DF1862D74100AEF08C /* tile_2.png */,
				30F5800F186FE6E200C036A7 /* highscorebackground.png */,
				301F32E01862D74100AEF08C /* tile_3.png */,
				3026F5CB186959010003452C /* sliderhelptextbackground.png */,
				3026F5D3186BCF000003452C /* sliderplushelp1.png */,
				3026F5D4186BCF000003452C /* sliderplushelp2.png */,
				30E3BF06187535F000282592 /* sliderplushelp3.png */,
				30E3BF07187535F000282592 /* sliderplushelp4.png */,
				30E3BF0A18754DC600282592 /* slidernexthelp1.png */,
			);
			path = Images;
			sourceTree = SOURCE_ROOT;
		};
		30867B65188CED27009887B5 /* Icons */ = {
			isa = PBXGroup;
			children = (
				302CEA18188CDC8100D41ECB /* Icon-29.png */,
				302CEA19188CDC8100D41ECB /* Icon-29@2x.png */,
				302CEA10188CDBF900D41ECB /* Icon-40.png */,
				302CEA11188CDBF900D41ECB /* Icon-40@2x.png */,
				302CEA12188CDBF900D41ECB /* Icon-50.png */,
				302CEA13188CDBF900D41ECB /* Icon-50@2x.png */,
				302CEA0A188CDAAC00D41ECB /* Icon-57.png */,
				302CEA0B188CDAAC00D41ECB /* Icon-57@2x.png */,
				302CEA0C188CDAAC00D41ECB /* Icon-60@2x.png */,
				302CEA04188CD9D900D41ECB /* Icon-72.png */,
				302CEA05188CD9D900D41ECB /* Icon-76.png */,
				302CEA06188CD9D900D41ECB /* Icon-76@2x.png */,
				302CEA02188CD95800D41ECB /* Icon-72@2x.png */,
			);
			name = Icons;
			sourceTree = "<group>";
		};
		30867B66188CED3D009887B5 /* Launch Screens */ = {
			isa = PBXGroup;
			children = (
				30867B77188CFC2B009887B5 /* Default-Landscape.png */,
				30867B75188CFBAF009887B5 /* Default-Landscape@2x.png */,
				302CEA30188CE1A700D41ECB /* Default-Portrait.png */,
				302CEA2E188CE14D00D41ECB /* Default-Portrait@2x.png */,
				302CEA21188CDED700D41ECB /* Default-1024.png */,
				302CEA22188CDED700D41ECB /* Default-1024@2x.png */,
				30414E04188CD1FB006C18A7 /* Default.png */,
				30414E02188CD170006C18A7 /* Default@2x.png */,
				300B1C5317F6B5ED004AB715 /* Default-568h@2x.png */,
			);
			name = "Launch Screens";
			sourceTree = "<group>";
		};
/* End PBXGroup section */

/* Begin PBXNativeTarget section */
		300B1C0B17F68297004AB715 /* Slider */ = {
			isa = PBXNativeTarget;
			buildConfigurationList = 300B1C4717F68298004AB715 /* Build configuration list for PBXNativeTarget "Slider" */;
			buildPhases = (
				300B1C0817F68297004AB715 /* Sources */,
				300B1C0917F68297004AB715 /* Frameworks */,
				300B1C0A17F68297004AB715 /* Resources */,
			);
			buildRules = (
			);
			dependencies = (
			);
			name = Slider;
			productName = Slider;
			productReference = 300B1C0C17F68298004AB715 /* Slider.app */;
			productType = "com.apple.product-type.application";
		};
		300B1C3417F68298004AB715 /* SliderTests */ = {
			isa = PBXNativeTarget;
			buildConfigurationList = 300B1C4A17F68298004AB715 /* Build configuration list for PBXNativeTarget "SliderTests" */;
			buildPhases = (
				300B1C3017F68298004AB715 /* Sources */,
				300B1C3117F68298004AB715 /* Frameworks */,
				300B1C3217F68298004AB715 /* Resources */,
				300B1C3317F68298004AB715 /* ShellScript */,
			);
			buildRules = (
			);
			dependencies = (
				300B1C3B17F68298004AB715 /* PBXTargetDependency */,
			);
			name = SliderTests;
			productName = SliderTests;
			productReference = 300B1C3517F68298004AB715 /* SliderTests.octest */;
			productType = "com.apple.product-type.bundle";
		};
/* End PBXNativeTarget section */

/* Begin PBXProject section */
		300B1C0417F68297004AB715 /* Project object */ = {
			isa = PBXProject;
			attributes = {
				CLASSPREFIX = Slider;
				LastUpgradeCheck = 0460;
				ORGANIZATIONNAME = "Monte Jeu";
				TargetAttributes = {
					300B1C0B17F68297004AB715 = {
						DevelopmentTeam = AB7PNYPA52;
					};
				};
			};
			buildConfigurationList = 300B1C0717F68297004AB715 /* Build configuration list for PBXProject "Slider" */;
			compatibilityVersion = "Xcode 3.2";
			developmentRegion = English;
			hasScannedForEncodings = 0;
			knownRegions = (
				en,
			);
			mainGroup = 300B1C0317F68297004AB715;
			productRefGroup = 300B1C0D17F68298004AB715 /* Products */;
			projectDirPath = "";
			projectRoot = "";
			targets = (
				300B1C0B17F68297004AB715 /* Slider */,
				300B1C3417F68298004AB715 /* SliderTests */,
			);
		};
/* End PBXProject section */

/* Begin PBXResourcesBuildPhase section */
		300B1C0A17F68297004AB715 /* Resources */ = {
			isa = PBXResourcesBuildPhase;
			buildActionMask = 2147483647;
			files = (
				302CEA08188CD9D900D41ECB /* Icon-76.png in Resources */,
				302CEA16188CDBF900D41ECB /* Icon-50.png in Resources */,
				30E3BF0B18754DC600282592 /* slidernexthelp1.png in Resources */,
				302CEA09188CD9D900D41ECB /* Icon-76@2x.png in Resources */,
				301F32E51862D74100AEF08C /* back4_s.png in Resources */,
				301F32ED1862D74100AEF08C /* sliderhelp4.png in Resources */,
				302CEA0E188CDAAC00D41ECB /* Icon-57@2x.png in Resources */,
				302CEA2F188CE14D00D41ECB /* Default-Portrait@2x.png in Resources */,
				302CEA31188CE1A700D41ECB /* Default-Portrait.png in Resources */,
				301F32EA1862D74100AEF08C /* sliderhelp1.png in Resources */,
				300B1C1A17F68298004AB715 /* InfoPlist.strings in Resources */,
				301F32EC1862D74100AEF08C /* sliderhelp3.png in Resources */,
				302CEA03188CD95800D41ECB /* Icon-72@2x.png in Resources */,
				30F58010186FE6E200C036A7 /* highscorebackground.png in Resources */,
				30867B6B188CF07D009887B5 /* menu_1.png in Resources */,
				301F32E31862D74100AEF08C /* back2_s.png in Resources */,
				301F32E71862D74100AEF08C /* forward.png in Resources */,
				30CA1CDF18866FDD00DB5350 /* sliderfinalhelp2.png in Resources */,
				30867B7A188D12C9009887B5 /* locked.png in Resources */,
				30414E05188CD1FB006C18A7 /* Default.png in Resources */,
				302CEA1A188CDC8100D41ECB /* Icon-29.png in Resources */,
				301F32E81862D74100AEF08C /* help.png in Resources */,
				301F32E21862D74100AEF08C /* back1_s.png in Resources */,
				30E3BF09187535F000282592 /* sliderplushelp4.png in Resources */,
				30867B78188CFC2B009887B5 /* Default-Landscape.png in Resources */,
				301F32F01862D74100AEF08C /* tile_1.png in Resources */,
				3026F5D5186BCF000003452C /* sliderplushelp1.png in Resources */,
				301F32E41862D74100AEF08C /* back3_s.png in Resources */,
				302CEA15188CDBF900D41ECB /* Icon-40@2x.png in Resources */,
				301F32EB1862D74100AEF08C /* sliderhelp2.png in Resources */,
				301F32E61862D74100AEF08C /* exit.png in Resources */,
				302CEA1B188CDC8100D41ECB /* Icon-29@2x.png in Resources */,
				301F32F21862D74100AEF08C /* tile_3.png in Resources */,
				302CEA25188CDED700D41ECB /* Default-1024@2x.png in Resources */,
				30CA1CDE18866FDD00DB5350 /* sliderfinalhelp1.png in Resources */,
				302CEA0D188CDAAC00D41ECB /* Icon-57.png in Resources */,
				301F32F11862D74100AEF08C /* tile_2.png in Resources */,
				30867B6C188CF07D009887B5 /* menu_2.png in Resources */,
				30867B76188CFBAF009887B5 /* Default-Landscape@2x.png in Resources */,
				302CEA0F188CDAAC00D41ECB /* Icon-60@2x.png in Resources */,
				302CEA17188CDBF900D41ECB /* Icon-50@2x.png in Resources */,
				300B1C2917F68298004AB715 /* MainStoryboard_iPhone.storyboard in Resources */,
				3026F5CC186959010003452C /* sliderhelptextbackground.png in Resources */,
				300B1C2C17F68298004AB715 /* MainStoryboard_iPad.storyboard in Resources */,
				30867B6E188CF07D009887B5 /* menu_4.png in Resources */,
				30414E03188CD170006C18A7 /* Default@2x.png in Resources */,
				302CEA07188CD9D900D41ECB /* Icon-72.png in Resources */,
				30E3BF08187535F000282592 /* sliderplushelp3.png in Resources */,
				301F32E11862D74100AEF08C /* back.png in Resources */,
				300B1C5417F6B5ED004AB715 /* Default-568h@2x.png in Resources */,
				302CEA24188CDED700D41ECB /* Default-1024.png in Resources */,
				302CEA14188CDBF900D41ECB /* Icon-40.png in Resources */,
				301F32E91862D74100AEF08C /* reset.png in Resources */,
				3026F5D6186BCF000003452C /* sliderplushelp2.png in Resources */,
				30867B6D188CF07D009887B5 /* menu_3.png in Resources */,
			);
			runOnlyForDeploymentPostprocessing = 0;
		};
		300B1C3217F68298004AB715 /* Resources */ = {
			isa = PBXResourcesBuildPhase;
			buildActionMask = 2147483647;
			files = (
				300B1C4117F68298004AB715 /* InfoPlist.strings in Resources */,
			);
			runOnlyForDeploymentPostprocessing = 0;
		};
/* End PBXResourcesBuildPhase section */

/* Begin PBXShellScriptBuildPhase section */
		300B1C3317F68298004AB715 /* ShellScript */ = {
			isa = PBXShellScriptBuildPhase;
			buildActionMask = 2147483647;
			files = (
			);
			inputPaths = (
			);
			outputPaths = (
			);
			runOnlyForDeploymentPostprocessing = 0;
			shellPath = /bin/sh;
			shellScript = "# Run the unit tests in this test bundle.\n\"${SYSTEM_DEVELOPER_DIR}/Tools/RunUnitTests\"\n";
		};
/* End PBXShellScriptBuildPhase section */

/* Begin PBXSourcesBuildPhase section */
		300B1C0817F68297004AB715 /* Sources */ = {
			isa = PBXSourcesBuildPhase;
			buildActionMask = 2147483647;
			files = (
				30F580131870040900C036A7 /* SliderNextViewController.m in Sources */,
				300B5A0718431BBC004A1EE7 /* SliderHelpViewController.m in Sources */,
				300B1C1C17F68298004AB715 /* main.m in Sources */,
				30B330631825E5B000E727B6 /* MenuViewController.m in Sources */,
				3026F5D2186AACD50003452C /* SliderPlusHelpViewController.m in Sources */,
				300B1C2017F68298004AB715 /* SliderAppDelegate.m in Sources */,
				30E3BF0E18768E8700282592 /* SliderFinalViewController.m in Sources */,
				30A547241884BAEF0073DD23 /* SliderFinalHelpViewController.m in Sources */,
				300B1C2F17F68298004AB715 /* SliderViewController.m in Sources */,
				300B1C5717F7DE2D004AB715 /* Tile.m in Sources */,
				30E9E7A518387F2C009E9B74 /* SliderPlusViewController.m in Sources */,
				30F580161870048300C036A7 /* SliderNextHelpViewController.m in Sources */,
				300B1C5A17F7E53F004AB715 /* Board.m in Sources */,
			);
			runOnlyForDeploymentPostprocessing = 0;
		};
		300B1C3017F68298004AB715 /* Sources */ = {
			isa = PBXSourcesBuildPhase;
			buildActionMask = 2147483647;
			files = (
				300B1C4417F68298004AB715 /* SliderTests.m in Sources */,
			);
			runOnlyForDeploymentPostprocessing = 0;
		};
/* End PBXSourcesBuildPhase section */

/* Begin PBXTargetDependency section */
		300B1C3B17F68298004AB715 /* PBXTargetDependency */ = {
			isa = PBXTargetDependency;
			target = 300B1C0B17F68297004AB715 /* Slider */;
			targetProxy = 300B1C3A17F68298004AB715 /* PBXContainerItemProxy */;
		};
/* End PBXTargetDependency section */

/* Begin PBXVariantGroup section */
		300B1C1817F68298004AB715 /* InfoPlist.strings */ = {
			isa = PBXVariantGroup;
			children = (
				300B1C1917F68298004AB715 /* en */,
			);
			name = InfoPlist.strings;
			sourceTree = "<group>";
		};
		300B1C2717F68298004AB715 /* MainStoryboard_iPhone.storyboard */ = {
			isa = PBXVariantGroup;
			children = (
				300B1C2817F68298004AB715 /* en */,
			);
			name = MainStoryboard_iPhone.storyboard;
			sourceTree = "<group>";
		};
		300B1C2A17F68298004AB715 /* MainStoryboard_iPad.storyboard */ = {
			isa = PBXVariantGroup;
			children = (
				300B1C2B17F68298004AB715 /* en */,
			);
			name = MainStoryboard_iPad.storyboard;
			sourceTree = "<group>";
		};
		300B1C3F17F68298004AB715 /* InfoPlist.strings */ = {
			isa = PBXVariantGroup;
			children = (
				300B1C4017F68298004AB715 /* en */,
			);
			name = InfoPlist.strings;
			sourceTree = "<group>";
		};
/* End PBXVariantGroup section */

/* Begin XCBuildConfiguration section */
		300B1C4517F68298004AB715 /* Debug */ = {
			isa = XCBuildConfiguration;
			buildSettings = {
				ALWAYS_SEARCH_USER_PATHS = NO;
				CLANG_CXX_LANGUAGE_STANDARD = "gnu++0x";
				CLANG_CXX_LIBRARY = "libc++";
				CLANG_ENABLE_OBJC_ARC = YES;
				CLANG_WARN_CONSTANT_CONVERSION = YES;
				CLANG_WARN_EMPTY_BODY = YES;
				CLANG_WARN_ENUM_CONVERSION = YES;
				CLANG_WARN_INT_CONVERSION = YES;
				CLANG_WARN__DUPLICATE_METHOD_MATCH = YES;
				"CODE_SIGN_IDENTITY[sdk=iphoneos*]" = "iPhone Developer";
				COPY_PHASE_STRIP = NO;
				GCC_C_LANGUAGE_STANDARD = gnu99;
				GCC_DYNAMIC_NO_PIC = NO;
				GCC_OPTIMIZATION_LEVEL = 0;
				GCC_PREPROCESSOR_DEFINITIONS = (
					"DEBUG=1",
					"$(inherited)",
				);
				GCC_SYMBOLS_PRIVATE_EXTERN = NO;
				GCC_WARN_ABOUT_RETURN_TYPE = YES;
				GCC_WARN_UNINITIALIZED_AUTOS = YES;
				GCC_WARN_UNUSED_VARIABLE = YES;
				IPHONEOS_DEPLOYMENT_TARGET = 6.1;
				ONLY_ACTIVE_ARCH = YES;
				SDKROOT = iphoneos;
				TARGETED_DEVICE_FAMILY = "1,2";
			};
			name = Debug;
		};
		300B1C4617F68298004AB715 /* Release */ = {
			isa = XCBuildConfiguration;
			buildSettings = {
				ALWAYS_SEARCH_USER_PATHS = NO;
				CLANG_CXX_LANGUAGE_STANDARD = "gnu++0x";
				CLANG_CXX_LIBRARY = "libc++";
				CLANG_ENABLE_OBJC_ARC = YES;
				CLANG_WARN_CONSTANT_CONVERSION = YES;
				CLANG_WARN_EMPTY_BODY = YES;
				CLANG_WARN_ENUM_CONVERSION = YES;
				CLANG_WARN_INT_CONVERSION = YES;
				CLANG_WARN__DUPLICATE_METHOD_MATCH = YES;
				"CODE_SIGN_IDENTITY[sdk=iphoneos*]" = "iPhone Developer";
				COPY_PHASE_STRIP = YES;
				GCC_C_LANGUAGE_STANDARD = gnu99;
				GCC_WARN_ABOUT_RETURN_TYPE = YES;
				GCC_WARN_UNINITIALIZED_AUTOS = YES;
				GCC_WARN_UNUSED_VARIABLE = YES;
				IPHONEOS_DEPLOYMENT_TARGET = 6.1;
				OTHER_CFLAGS = "-DNS_BLOCK_ASSERTIONS=1";
				SDKROOT = iphoneos;
				TARGETED_DEVICE_FAMILY = "1,2";
				VALIDATE_PRODUCT = YES;
			};
			name = Release;
		};
		300B1C4817F68298004AB715 /* Debug */ = {
			isa = XCBuildConfiguration;
			buildSettings = {
				CODE_SIGN_IDENTITY = "iPhone Developer";
				"CODE_SIGN_IDENTITY[sdk=iphoneos*]" = "iPhone Developer";
				GCC_PRECOMPILE_PREFIX_HEADER = YES;
				GCC_PREFIX_HEADER = "Slider/Slider-Prefix.pch";
				INFOPLIST_FILE = "Slider/Slider-Info.plist";
				IPHONEOS_DEPLOYMENT_TARGET = 6.1;
				PRODUCT_NAME = "$(TARGET_NAME)";
				PROVISIONING_PROFILE = "";
				TARGETED_DEVICE_FAMILY = "1,2";
				WRAPPER_EXTENSION = app;
			};
			name = Debug;
		};
		300B1C4917F68298004AB715 /* Release */ = {
			isa = XCBuildConfiguration;
			buildSettings = {
				CODE_SIGN_IDENTITY = "iPhone Developer";
				"CODE_SIGN_IDENTITY[sdk=iphoneos*]" = "iPhone Developer";
				GCC_PRECOMPILE_PREFIX_HEADER = YES;
				GCC_PREFIX_HEADER = "Slider/Slider-Prefix.pch";
				INFOPLIST_FILE = "Slider/Slider-Info.plist";
				IPHONEOS_DEPLOYMENT_TARGET = 6.1;
				PRODUCT_NAME = "$(TARGET_NAME)";
				PROVISIONING_PROFILE = "";
				TARGETED_DEVICE_FAMILY = "1,2";
				WRAPPER_EXTENSION = app;
			};
			name = Release;
		};
		300B1C4B17F68298004AB715 /* Debug */ = {
			isa = XCBuildConfiguration;
			buildSettings = {
				BUNDLE_LOADER = "$(BUILT_PRODUCTS_DIR)/Slider.app/Slider";
				FRAMEWORK_SEARCH_PATHS = (
					"\"$(SDKROOT)/Developer/Library/Frameworks\"",
					"\"$(DEVELOPER_LIBRARY_DIR)/Frameworks\"",
				);
				GCC_PRECOMPILE_PREFIX_HEADER = YES;
				GCC_PREFIX_HEADER = "Slider/Slider-Prefix.pch";
				INFOPLIST_FILE = "SliderTests/SliderTests-Info.plist";
				PRODUCT_NAME = "$(TARGET_NAME)";
				TEST_HOST = "$(BUNDLE_LOADER)";
				WRAPPER_EXTENSION = octest;
			};
			name = Debug;
		};
		300B1C4C17F68298004AB715 /* Release */ = {
			isa = XCBuildConfiguration;
			buildSettings = {
				BUNDLE_LOADER = "$(BUILT_PRODUCTS_DIR)/Slider.app/Slider";
				FRAMEWORK_SEARCH_PATHS = (
					"\"$(SDKROOT)/Developer/Library/Frameworks\"",
					"\"$(DEVELOPER_LIBRARY_DIR)/Frameworks\"",
				);
				GCC_PRECOMPILE_PREFIX_HEADER = YES;
				GCC_PREFIX_HEADER = "Slider/Slider-Prefix.pch";
				INFOPLIST_FILE = "SliderTests/SliderTests-Info.plist";
				PRODUCT_NAME = "$(TARGET_NAME)";
				TEST_HOST = "$(BUNDLE_LOADER)";
				WRAPPER_EXTENSION = octest;
			};
			name = Release;
		};
/* End XCBuildConfiguration section */

/* Begin XCConfigurationList section */
		300B1C0717F68297004AB715 /* Build configuration list for PBXProject "Slider" */ = {
			isa = XCConfigurationList;
			buildConfigurations = (
				300B1C4517F68298004AB715 /* Debug */,
				300B1C4617F68298004AB715 /* Release */,
			);
			defaultConfigurationIsVisible = 0;
			defaultConfigurationName = Release;
		};
		300B1C4717F68298004AB715 /* Build configuration list for PBXNativeTarget "Slider" */ = {
			isa = XCConfigurationList;
			buildConfigurations = (
				300B1C4817F68298004AB715 /* Debug */,
				300B1C4917F68298004AB715 /* Release */,
			);
			defaultConfigurationIsVisible = 0;
			defaultConfigurationName = Release;
		};
		300B1C4A17F68298004AB715 /* Build configuration list for PBXNativeTarget "SliderTests" */ = {
			isa = XCConfigurationList;
			buildConfigurations = (
				300B1C4B17F68298004AB715 /* Debug */,
				300B1C4C17F68298004AB715 /* Release */,
			);
			defaultConfigurationIsVisible = 0;
			defaultConfigurationName = Release;
		};
/* End XCConfigurationList section */
	};
	rootObject = 300B1C0417F68297004AB715 /* Project object */;
}
